
Microsoft Visual Studio Solution File, Format Version 12.00
# Visual Studio Version 17
VisualStudioVersion = 17.4.33213.308
MinimumVisualStudioVersion = 10.0.40219.1
Project("{FAE04EC0-301F-11D3-BF4B-00C04F79EFBC}") = "Server", "Server.csproj", "{86BD638E-AC77-4B31-9ED9-7B658E9DF520}"
EndProject
Global
	GlobalSection(SolutionConfigurationPlatforms) = preSolution
		Debug|Any CPU = Debug|Any CPU
		Release|Any CPU = Release|Any CPU
	EndGlobalSection
	GlobalSection(ProjectConfigurationPlatforms) = postSolution
		{86BD638E-AC77-4B31-9ED9-7B658E9DF520}.Debug|Any CPU.ActiveCfg = Debug|Any CPU
		{86BD638E-AC77-4B31-9ED9-7B658E9DF520}.Debug|Any CPU.Build.0 = Debug|Any CPU
		{86BD638E-AC77-4B31-9ED9-7B658E9DF520}.Release|Any CPU.ActiveCfg = Release|Any CPU
		{86BD638E-AC77-4B31-9ED9-7B658E9DF520}.Release|Any CPU.Build.0 = Release|Any CPU
	EndGlobalSection
	GlobalSection(SolutionProperties) = preSolution
		HideSolutionNode = FALSE
	EndGlobalSection
	GlobalSection(ExtensibilityGlobals) = postSolution
		SolutionGuid = {AB8857A1-A760-4ECF-BBAB-55C50CD95731}
	EndGlobalSection
EndGlobal
